
Microsoft Visual Studio Solution File, Format Version 12.00
# Visual Studio Version 17
VisualStudioVersion = 17.14.36203.30 d17.14
MinimumVisualStudioVersion = 10.0.40219.1
Project("{FAE04EC0-301F-11D3-BF4B-00C04F79EFBC}") = "Mdk.VectorThrustOSV2.0", "Mdk.VectorThrustOSV2.0\Mdk.VectorThrustOSV2.0.csproj", "{03114E26-D6FA-4E23-8235-EF3395B2EDF8}"
EndProject
Global
	GlobalSection(SolutionConfigurationPlatforms) = preSolution
		Debug|x64 = Debug|x64
		Release|x64 = Release|x64
	EndGlobalSection
	GlobalSection(ProjectConfigurationPlatforms) = postSolution
		{03114E26-D6FA-4E23-8235-EF3395B2EDF8}.Debug|x64.ActiveCfg = Debug|x64
		{03114E26-D6FA-4E23-8235-EF3395B2EDF8}.Debug|x64.Build.0 = Debug|x64
		{03114E26-D6FA-4E23-8235-EF3395B2EDF8}.Release|x64.ActiveCfg = Release|x64
		{03114E26-D6FA-4E23-8235-EF3395B2EDF8}.Release|x64.Build.0 = Release|x64
	EndGlobalSection
	GlobalSection(SolutionProperties) = preSolution
		HideSolutionNode = FALSE
	EndGlobalSection
	GlobalSection(ExtensibilityGlobals) = postSolution
		SolutionGuid = {96C11124-7672-4035-8E54-DCBBEEC80FD2}
	EndGlobalSection
EndGlobal
